// !$*UTF8*$!
{
 archiveVersion = 1; classes = {}; objectVersion = 56;
 objects = {
  A00000000000000000000001 = {isa = PBXProject; buildConfigurationList = A00000000000000000000002; compatibilityVersion = "Xcode 14.0"; mainGroup = A00000000000000000000003; productRefGroup = A00000000000000000000004; projectDirPath = ""; targets = (A00000000000000000000005); };
  A00000000000000000000002 = {isa = XCConfigurationList; buildConfigurations = (A00000000000000000000006); defaultConfigurationIsVisible = 0; defaultConfigurationName = Debug; };
  A00000000000000000000003 = {isa = PBXGroup; children = (A00000000000000000000004, A00000000000000000000010, A00000000000000000000011, A00000000000000000000012); sourceTree = "<group>"; };
  A00000000000000000000004 = {isa = PBXGroup; children = (A00000000000000000000007); name = Products; sourceTree = "<group>"; };
  A00000000000000000000005 = {isa = PBXNativeTarget; buildConfigurationList = A00000000000000000000008; buildPhases = (A00000000000000000000009); buildRules = (); dependencies = (); name = IdlesseNativeProbe; productName = IdlesseNativeProbe; productReference = A00000000000000000000007; productType = "com.apple.product-type.extensionkit-extension"; };
  A00000000000000000000006 = {isa = XCBuildConfiguration; buildSettings = {SDKROOT = macosx; MACOSX_DEPLOYMENT_TARGET = 26.0; }; name = Debug; };
  A00000000000000000000007 = {isa = PBXFileReference; explicitFileType = "wrapper.extensionkit-extension"; path = IdlesseNativeProbe.appex; sourceTree = BUILT_PRODUCTS_DIR; };
  A00000000000000000000008 = {isa = XCConfigurationList; buildConfigurations = (A00000000000000000000013); defaultConfigurationIsVisible = 0; defaultConfigurationName = Debug; };
  A00000000000000000000009 = {isa = PBXSourcesBuildPhase; buildActionMask = 2147483647; files = (A00000000000000000000020,A00000000000000000000021,A00000000000000000000022); runOnlyForDeploymentPostprocessing = 0; };
  A00000000000000000000010 = {isa = PBXFileReference; lastKnownFileType = sourcecode.swift; path = Extension.swift; sourceTree = "<group>"; };
  A00000000000000000000011 = {isa = PBXFileReference; lastKnownFileType = sourcecode.swift; path = Catalog.swift; sourceTree = "<group>"; };
  A00000000000000000000012 = {isa = PBXFileReference; lastKnownFileType = sourcecode.swift; path = Vendor/CodableShims.swift; sourceTree = "<group>"; };
  A00000000000000000000013 = {isa = XCBuildConfiguration; buildSettings = {
   ARCHS = arm64; ONLY_ACTIVE_ARCH = YES; CODE_SIGN_STYLE = Manual; CODE_SIGN_IDENTITY = "-";
   PRODUCT_BUNDLE_IDENTIFIER = dev.idlesse.nativeprobe.catalog; PRODUCT_NAME = "$(TARGET_NAME)";
   CURRENT_PROJECT_VERSION = 3; MARKETING_VERSION = 0.1; GENERATE_INFOPLIST_FILE = YES;
   INFOPLIST_FILE = XcodeExtensionInfo.plist; ENABLE_APP_SANDBOX = YES; ENABLE_HARDENED_RUNTIME = YES;
   SWIFT_OBJC_BRIDGING_HEADER = "$(SRCROOT)/Bridge.h"; SWIFT_VERSION = 5.0; SWIFT_OPTIMIZATION_LEVEL = "-Onone";
   SKIP_INSTALL = YES;
  }; name = Debug; };
  A00000000000000000000020 = {isa = PBXBuildFile; fileRef = A00000000000000000000010; };
  A00000000000000000000021 = {isa = PBXBuildFile; fileRef = A00000000000000000000011; };
  A00000000000000000000022 = {isa = PBXBuildFile; fileRef = A00000000000000000000012; };
 }; rootObject = A00000000000000000000001;
}
